
Microsoft Visual Studio Solution File, Format Version 12.00
# Visual Studio Version 17
VisualStudioVersion = 17.14.36511.14 d17.14
MinimumVisualStudioVersion = 10.0.40219.1
Project("{FAE04EC0-301F-11D3-BF4B-00C04F79EFBC}") = "Botiga", "Botiga\Botiga.csproj", "{8162B52C-0768-474A-BC7A-FA0C324C3B1E}"
EndProject
Global
	GlobalSection(SolutionConfigurationPlatforms) = preSolution
		Debug|Any CPU = Debug|Any CPU
		Release|Any CPU = Release|Any CPU
	EndGlobalSection
	GlobalSection(ProjectConfigurationPlatforms) = postSolution
		{8162B52C-0768-474A-BC7A-FA0C324C3B1E}.Debug|Any CPU.ActiveCfg = Debug|Any CPU
		{8162B52C-0768-474A-BC7A-FA0C324C3B1E}.Debug|Any CPU.Build.0 = Debug|Any CPU
		{8162B52C-0768-474A-BC7A-FA0C324C3B1E}.Release|Any CPU.ActiveCfg = Release|Any CPU
		{8162B52C-0768-474A-BC7A-FA0C324C3B1E}.Release|Any CPU.Build.0 = Release|Any CPU
	EndGlobalSection
	GlobalSection(SolutionProperties) = preSolution
		HideSolutionNode = FALSE
	EndGlobalSection
	GlobalSection(ExtensibilityGlobals) = postSolution
		SolutionGuid = {2801AAF8-4F1E-4A25-8A11-7E45EF1F07B1}
	EndGlobalSection
EndGlobal
